lockfileVersion: '9.0'

settings:
  autoInstallPeers: true
  excludeLinksFromLockfile: false

importers:

  .:
    dependencies:
      '@hono/node-server':
        specifier: ^1.13.0
        version: 1.13.0(hono@4.6.2)
      hono:
        specifier: ^4.6.2
        version: 4.6.2

packages:

  '@hono/node-server@1.13.0':
    resolution: {integrity: sha512-kz323qIQkNQElEGroo/E9MKPDuIR5pkuk/XEWd50K+cSEKdmdiYx0PKWUdaNY2ecJYngtF+njDMsMKplL6zfEg==}
    engines: {node: '>=18.14.1'}
    peerDependencies:
      hono: ^4

  hono@4.6.2:
    resolution: {integrity: sha512-v+39817TgAhetmHUEli8O0uHDmxp2Up3DnhS4oUZXOl5IQ9np9tYtldd42e5zgdLVS0wsOoXQNZ6mx+BGmEvCA==}
    engines: {node: '>=16.9.0'}

snapshots:

  '@hono/node-server@1.13.0(hono@4.6.2)':
    dependencies:
      hono: 4.6.2

  hono@4.6.2: {}
