lockfileVersion: '9.0'

settings:
  autoInstallPeers: true
  excludeLinksFromLockfile: false

importers:

  .:
    dependencies:
      '@hono/node-server':
        specifier: ^1.12.2
        version: 1.12.2(hono@4.6.1)
      hono:
        specifier: ^4.6.1
        version: 4.6.1

packages:

  '@hono/node-server@1.12.2':
    resolution: {integrity: sha512-xjzhqhSWUE/OhN0g3KCNVzNsQMlFUAL+/8GgPUr3TKcU7cvgZVBGswFofJ8WwGEHTqobzze1lDpGJl9ZNckDhA==}
    engines: {node: '>=18.14.1'}
    peerDependencies:
      hono: ^4

  hono@4.6.1:
    resolution: {integrity: sha512-6NGwvttY1+HAFii08VYiEKI6ETPAFbpLntpm2M/MogEsAFWdZV74UNT+2M4bmqX90cIQhjlpBSP+tO+CfB0uww==}
    engines: {node: '>=16.0.0'}

snapshots:

  '@hono/node-server@1.12.2(hono@4.6.1)':
    dependencies:
      hono: 4.6.1

  hono@4.6.1: {}
