lockfileVersion: '9.0'

settings:
  autoInstallPeers: true
  excludeLinksFromLockfile: false

importers:

  .:
    dependencies:
      pathless:
        specifier: ^0.1.0
        version: 0.1.0

packages:

  pathless@0.1.0:
    resolution: {integrity: sha512-AytiploSdsLs0dKd5WMg1aNaFcGRveYSIAxTMUJVDay80J8hP/lyMf3ESUjpR6t0h4ulJOrx8mDty+mNPqPdkQ==}

snapshots:

  pathless@0.1.0: {}
